# generated by rye
# use `rye lock` or `rye sync` to update this lockfile
#
# last locked with the following flags:
#   pre: false
#   features: []
#   all-features: false
#   with-sources: false

-e file:.
filelock==3.15.3
    # via torch
fsspec==2024.6.0
    # via torch
jinja2==3.1.4
    # via torch
markupsafe==2.1.5
    # via jinja2
mpmath==1.3.0
    # via sympy
networkx==3.3
    # via torch
numpy==2.0.0
    # via recsys-challenge
polars==0.20.31
    # via recsys-challenge
pyyaml==6.0.1
    # via recsys-challenge
ruff==0.4.10
    # via recsys-challenge
sympy==1.12.1
    # via torch
torch==2.3.1
    # via recsys-challenge
tqdm==4.66.4
    # via recsys-challenge
typing-extensions==4.12.2
    # via torch
